{
  "name": "csvtotcx",
  "version": "1.0.0",
  "lockfileVersion": 1,
  "requires": true,
  "dependencies": {
    "convert-csv-to-json": {
      "version": "2.0.0",
      "resolved": "https://registry.npmjs.org/convert-csv-to-json/-/convert-csv-to-json-2.0.0.tgz",
      "integrity": "sha512-pMDclso1Afm8tGsJfcVqay10WSPgpoGKGoHdIXWIMXJX29qayEC/MlAsd6csYr59mUjLoJxpkHi37cTUSaNUpw=="
    },
    "js2xmlparser": {
      "version": "5.0.0",
      "resolved": "https://registry.npmjs.org/js2xmlparser/-/js2xmlparser-5.0.0.tgz",
      "integrity": "sha512-ckXs0Fzd6icWurbeAXuqo+3Mhq2m8pOPygsQjTPh8K5UWgKaUgDSHrdDxAfexmT11xvBKOQ6sgYwPkYc5RW/bg==",
      "requires": {
        "xmlcreate": "^2.0.4"
      }
    },
    "json-xml-parse": {
      "version": "1.2.2",
      "resolved": "https://registry.npmjs.org/json-xml-parse/-/json-xml-parse-1.2.2.tgz",
      "integrity": "sha512-inp/O3DAyEmsvMR6CJUW49ItohuMOuPHhPqrNmVQ22iLdnoTHbcnR4N9zsQdFnLgksuZc28ehn5vcm7IKZeBtA=="
    },
    "xmlcreate": {
      "version": "2.0.4",
      "resolved": "https://registry.npmjs.org/xmlcreate/-/xmlcreate-2.0.4.tgz",
      "integrity": "sha512-nquOebG4sngPmGPICTS5EnxqhKbCmz5Ox5hsszI2T6U5qdrJizBc+0ilYSEjTSzU0yZcmvppztXe/5Al5fUwdg=="
    }
  }
}
